PODS:
  - AppCenter (4.2.0):
    - AppCenter/Analytics (= 4.2.0)
    - AppCenter/Crashes (= 4.2.0)
  - AppCenter/Analytics (4.2.0):
    - AppCenter/Core
  - AppCenter/Core (4.2.0)
  - AppCenter/Crashes (4.2.0):
    - AppCenter/Core
  - ShortcutRecorder (3.3.0)

DEPENDENCIES:
  - AppCenter (~> 4.2.0)
  - ShortcutRecorder (from `https://github.com/Kentzo/ShortcutRecorder.git`, commit `2ea0fb333be102eb195716c63367b602a1b7b84f`)

SPEC REPOS:
  trunk:
    - AppCenter

EXTERNAL SOURCES:
  ShortcutRecorder:
    :commit: 2ea0fb333be102eb195716c63367b602a1b7b84f
    :git: https://github.com/Kentzo/ShortcutRecorder.git

CHECKOUT OPTIONS:
  ShortcutRecorder:
    :commit: 2ea0fb333be102eb195716c63367b602a1b7b84f
    :git: https://github.com/Kentzo/ShortcutRecorder.git

SPEC CHECKSUMS:
  AppCenter: 87ef6eefd8ade4df59e88951288587429f3dd2a5
  ShortcutRecorder: 49b4c7f615133f02d0b23f91edfca9046ec0e1b3

PODFILE CHECKSUM: be46a8d205ab5d47529c80e9d2f00abea661abfe

COCOAPODS: 1.10.1
